
Microsoft Visual Studio Solution File, Format Version 12.00
# Visual Studio Version 16
VisualStudioVersion = 16.0.33328.57
MinimumVisualStudioVersion = 10.0.40219.1
Project("{FAE04EC0-301F-11D3-BF4B-00C04F79EFBC}") = "QLSV", "QLSV\QLSV.csproj", "{149CF704-D5E6-4350-8202-8867E04CBDC8}"
EndProject
Global
	GlobalSection(SolutionConfigurationPlatforms) = preSolution
		Debug|Any CPU = Debug|Any CPU
		Release|Any CPU = Release|Any CPU
	EndGlobalSection
	GlobalSection(ProjectConfigurationPlatforms) = postSolution
		{149CF704-D5E6-4350-8202-8867E04CBDC8}.Debug|Any CPU.ActiveCfg = Debug|Any CPU
		{149CF704-D5E6-4350-8202-8867E04CBDC8}.Debug|Any CPU.Build.0 = Debug|Any CPU
		{149CF704-D5E6-4350-8202-8867E04CBDC8}.Release|Any CPU.ActiveCfg = Release|Any CPU
		{149CF704-D5E6-4350-8202-8867E04CBDC8}.Release|Any CPU.Build.0 = Release|Any CPU
	EndGlobalSection
	GlobalSection(SolutionProperties) = preSolution
		HideSolutionNode = FALSE
	EndGlobalSection
	GlobalSection(ExtensibilityGlobals) = postSolution
		SolutionGuid = {05AAE25F-CC48-42DC-AF71-7A2B19BADC17}
	EndGlobalSection
EndGlobal
